
Microsoft Visual Studio Solution File, Format Version 12.00
# Visual Studio Version 17
VisualStudioVersion = 17.13.35806.99 d17.13
MinimumVisualStudioVersion = 10.0.40219.1
Project("{FAE04EC0-301F-11D3-BF4B-00C04F79EFBC}") = "MiniBanking.API", "MiniBankingAPI\MiniBanking.API.csproj", "{540FE0C0-7343-4761-A1C0-60CD8C1DAEF8}"
EndProject
Global
	GlobalSection(SolutionConfigurationPlatforms) = preSolution
		Debug|Any CPU = Debug|Any CPU
		Release|Any CPU = Release|Any CPU
	EndGlobalSection
	GlobalSection(ProjectConfigurationPlatforms) = postSolution
		{540FE0C0-7343-4761-A1C0-60CD8C1DAEF8}.Debug|Any CPU.ActiveCfg = Debug|Any CPU
		{540FE0C0-7343-4761-A1C0-60CD8C1DAEF8}.Debug|Any CPU.Build.0 = Debug|Any CPU
		{540FE0C0-7343-4761-A1C0-60CD8C1DAEF8}.Release|Any CPU.ActiveCfg = Release|Any CPU
		{540FE0C0-7343-4761-A1C0-60CD8C1DAEF8}.Release|Any CPU.Build.0 = Release|Any CPU
	EndGlobalSection
	GlobalSection(SolutionProperties) = preSolution
		HideSolutionNode = FALSE
	EndGlobalSection
	GlobalSection(ExtensibilityGlobals) = postSolution
		SolutionGuid = {5EAE832C-CB85-40C5-9324-3769FC8E9DB1}
	EndGlobalSection
EndGlobal
